
Microsoft Visual Studio Solution File, Format Version 12.00
# Visual Studio Version 17
VisualStudioVersion = 17.0.31919.166
MinimumVisualStudioVersion = 10.0.40219.1
Project("{2150E333-8FDC-42A3-9474-1A3956D46DE8}") = "DataStore", "DataStore", "{AA3BEF02-E0E1-489D-B42F-0CBEEF83BD50}"
EndProject
Project("{2150E333-8FDC-42A3-9474-1A3956D46DE8}") = "Services", "Services", "{C414E8D3-D8DB-4F82-958E-29B1E5A0BEA6}"
EndProject
Project("{2150E333-8FDC-42A3-9474-1A3956D46DE8}") = "Entities", "Entities", "{372894BA-002C-4574-9603-3D3C7EA1F782}"
EndProject
Project("{2150E333-8FDC-42A3-9474-1A3956D46DE8}") = "GUI", "GUI", "{E72F8BC7-3392-46B9-A156-1D68DD645FBD}"
EndProject
Project("{FAE04EC0-301F-11D3-BF4B-00C04F79EFBC}") = "DDJJDesktop", "DDJJDesktop\DDJJDesktop.csproj", "{C49F0BC5-EC0D-41BA-B9D0-9B5DEE0FC390}"
EndProject
Global
	GlobalSection(SolutionConfigurationPlatforms) = preSolution
		Debug|Any CPU = Debug|Any CPU
		Release|Any CPU = Release|Any CPU
	EndGlobalSection
	GlobalSection(ProjectConfigurationPlatforms) = postSolution
		{C49F0BC5-EC0D-41BA-B9D0-9B5DEE0FC390}.Debug|Any CPU.ActiveCfg = Debug|Any CPU
		{C49F0BC5-EC0D-41BA-B9D0-9B5DEE0FC390}.Debug|Any CPU.Build.0 = Debug|Any CPU
		{C49F0BC5-EC0D-41BA-B9D0-9B5DEE0FC390}.Release|Any CPU.ActiveCfg = Release|Any CPU
		{C49F0BC5-EC0D-41BA-B9D0-9B5DEE0FC390}.Release|Any CPU.Build.0 = Release|Any CPU
	EndGlobalSection
	GlobalSection(SolutionProperties) = preSolution
		HideSolutionNode = FALSE
	EndGlobalSection
	GlobalSection(NestedProjects) = preSolution
		{C49F0BC5-EC0D-41BA-B9D0-9B5DEE0FC390} = {E72F8BC7-3392-46B9-A156-1D68DD645FBD}
	EndGlobalSection
	GlobalSection(ExtensibilityGlobals) = postSolution
		SolutionGuid = {4CFA8B61-4ECD-4C60-A711-45C33FBFB416}
	EndGlobalSection
EndGlobal
